
Microsoft Visual Studio Solution File, Format Version 12.00
# Visual Studio Version 17
VisualStudioVersion = 17.5.33502.453
MinimumVisualStudioVersion = 10.0.40219.1
Project("{FAE04EC0-301F-11D3-BF4B-00C04F79EFBC}") = "BPMDisplay", "BPMDisplay.csproj", "{2D436E70-E159-4515-BB6D-8AF4C5B027A9}"
EndProject
Global
	GlobalSection(SolutionConfigurationPlatforms) = preSolution
		Debug|Any CPU = Debug|Any CPU
		Release|Any CPU = Release|Any CPU
	EndGlobalSection
	GlobalSection(ProjectConfigurationPlatforms) = postSolution
		{2D436E70-E159-4515-BB6D-8AF4C5B027A9}.Debug|Any CPU.ActiveCfg = Debug|Any CPU
		{2D436E70-E159-4515-BB6D-8AF4C5B027A9}.Debug|Any CPU.Build.0 = Debug|Any CPU
		{2D436E70-E159-4515-BB6D-8AF4C5B027A9}.Release|Any CPU.ActiveCfg = Release|Any CPU
		{2D436E70-E159-4515-BB6D-8AF4C5B027A9}.Release|Any CPU.Build.0 = Release|Any CPU
	EndGlobalSection
	GlobalSection(SolutionProperties) = preSolution
		HideSolutionNode = FALSE
	EndGlobalSection
	GlobalSection(ExtensibilityGlobals) = postSolution
		SolutionGuid = {798EBF62-70B3-43B6-B210-96D71B941DFB}
	EndGlobalSection
EndGlobal
